
Microsoft Visual Studio Solution File, Format Version 12.00
# Visual Studio Version 17
VisualStudioVersion = 17.4.33213.308
MinimumVisualStudioVersion = 10.0.40219.1
Project("{FAE04EC0-301F-11D3-BF4B-00C04F79EFBC}") = "LINq", "LINq\LINq.csproj", "{61A46187-0702-4DA7-895C-D051EBD9D266}"
EndProject
Global
	GlobalSection(SolutionConfigurationPlatforms) = preSolution
		Debug|Any CPU = Debug|Any CPU
		Release|Any CPU = Release|Any CPU
	EndGlobalSection
	GlobalSection(ProjectConfigurationPlatforms) = postSolution
		{61A46187-0702-4DA7-895C-D051EBD9D266}.Debug|Any CPU.ActiveCfg = Debug|Any CPU
		{61A46187-0702-4DA7-895C-D051EBD9D266}.Debug|Any CPU.Build.0 = Debug|Any CPU
		{61A46187-0702-4DA7-895C-D051EBD9D266}.Release|Any CPU.ActiveCfg = Release|Any CPU
		{61A46187-0702-4DA7-895C-D051EBD9D266}.Release|Any CPU.Build.0 = Release|Any CPU
	EndGlobalSection
	GlobalSection(SolutionProperties) = preSolution
		HideSolutionNode = FALSE
	EndGlobalSection
	GlobalSection(ExtensibilityGlobals) = postSolution
		SolutionGuid = {E73866C3-ABAD-4EA2-BAD7-542BF0274C2D}
	EndGlobalSection
EndGlobal
